
Microsoft Visual Studio Solution File, Format Version 12.00
# Visual Studio Version 16
VisualStudioVersion = 16.0.809.3
MinimumVisualStudioVersion = 10.0.40219.1
Project("{9A19103F-16F7-4668-BE54-9A1E7A4F7556}") = "spr21team24finalproject", "spr21team24finalproject\spr21team24finalproject.csproj", "{D822D816-462C-48B0-A5AF-672655771D8E}"
EndProject
Global
	GlobalSection(SolutionConfigurationPlatforms) = preSolution
		Debug|Any CPU = Debug|Any CPU
		Release|Any CPU = Release|Any CPU
	EndGlobalSection
	GlobalSection(ProjectConfigurationPlatforms) = postSolution
		{D822D816-462C-48B0-A5AF-672655771D8E}.Debug|Any CPU.ActiveCfg = Debug|Any CPU
		{D822D816-462C-48B0-A5AF-672655771D8E}.Debug|Any CPU.Build.0 = Debug|Any CPU
		{D822D816-462C-48B0-A5AF-672655771D8E}.Release|Any CPU.ActiveCfg = Release|Any CPU
		{D822D816-462C-48B0-A5AF-672655771D8E}.Release|Any CPU.Build.0 = Release|Any CPU
	EndGlobalSection
	GlobalSection(SolutionProperties) = preSolution
		HideSolutionNode = FALSE
	EndGlobalSection
	GlobalSection(ExtensibilityGlobals) = postSolution
		SolutionGuid = {6510DDE5-DAA7-46D8-8FE5-925DF4F78732}
	EndGlobalSection
EndGlobal
